# This file is autogenerated, do not edit; changes may be undone by the next 'dep ensure'.


[[projects]]
  digest = "1:fb503b16a553c3623a04af435e2ee621110e30b2f62829362496430bfa7ea288"
  name = "github.com/ahmdrz/goinsta"
  packages = ["."]
  pruneopts = "UT"
  revision = "8a4b1078ad1b865b881561251c8d5b07e0765994"
  version = "v2.3"

[[projects]]
  digest = "1:236d7e1bdb50d8f68559af37dbcf9d142d56b431c9b2176d41e2a009b664cda8"
  name = "github.com/google/uuid"
  packages = ["."]
  pruneopts = "UT"
  revision = "9b3b1e0f5f99ae461456d768e7d301a7acdaa2d8"
  version = "v1.1.0"

[solve-meta]
  analyzer-name = "dep"
  analyzer-version = 1
  input-imports = [
    "github.com/ahmdrz/goinsta",
    "github.com/google/uuid",
  ]
  solver-name = "gps-cdcl"
  solver-version = 1
