# This file is autogenerated, do not edit; changes may be undone by the next 'dep ensure'.


[[projects]]
  digest = "1:fb503b16a553c3623a04af435e2ee621110e30b2f62829362496430bfa7ea288"
  name = "github.com/ahmdrz/goinsta"
  packages = ["."]
  pruneopts = "UT"
  revision = "8a4b1078ad1b865b881561251c8d5b07e0765994"
  version = "v2.3"

[solve-meta]
  analyzer-name = "dep"
  analyzer-version = 1
  input-imports = ["github.com/ahmdrz/goinsta"]
  solver-name = "gps-cdcl"
  solver-version = 1
